<?xml version="1.0" encoding="utf-8"?>
<Project ToolsVersion="4.0" xmlns="http://schemas.microsoft.com/developer/msbuild/2003">
  <ItemGroup>
    <Filter Include="リソース ファイル">
      <UniqueIdentifier>{67DA6AB6-F800-4c08-8B7A-83BB121AAD01}</UniqueIdentifier>
      <Extensions>rc;ico;cur;bmp;dlg;rc2;rct;bin;rgs;gif;jpg;jpeg;jpe;resx;tiff;tif;png;wav;mfcribbon-ms</Extensions>
    </Filter>
    <Filter Include="source">
      <UniqueIdentifier>{93995380-89BD-4b04-88EB-625FBE52EBFB}</UniqueIdentifier>
      <Extensions>h;hh;hpp;hxx;h++;hm;inl;inc;ipp;xsd</Extensions>
    </Filter>
  </ItemGroup>
  <ItemGroup>
    <ClCompile Include="WinMain.cpp">
      <Filter>source</Filter>
    </ClCompile>
    <ClCompile Include="Vector2.cpp">
      <Filter>source</Filter>
    </ClCompile>
    <ClCompile Include="UI.cpp">
      <Filter>source</Filter>
    </ClCompile>
    <ClCompile Include="TutorialValue.cpp">
      <Filter>source</Filter>
    </ClCompile>
    <ClCompile Include="TutorialServer.cpp">
      <Filter>source</Filter>
    </ClCompile>
    <ClCompile Include="TutorialImage.cpp">
      <Filter>source</Filter>
    </ClCompile>
    <ClCompile Include="TrackingEffect.cpp">
      <Filter>source</Filter>
    </ClCompile>
    <ClCompile Include="TitleLogo.cpp">
      <Filter>source</Filter>
    </ClCompile>
    <ClCompile Include="StageUi.cpp">
      <Filter>source</Filter>
    </ClCompile>
    <ClCompile Include="StageTransition.cpp">
      <Filter>source</Filter>
    </ClCompile>
    <ClCompile Include="SoundServer.cpp">
      <Filter>source</Filter>
    </ClCompile>
    <ClCompile Include="SoulManager.cpp">
      <Filter>source</Filter>
    </ClCompile>
    <ClCompile Include="SoulSkin.cpp">
      <Filter>source</Filter>
    </ClCompile>
    <ClCompile Include="SoulCursor.cpp">
      <Filter>source</Filter>
    </ClCompile>
    <ClCompile Include="SoldierDoll.cpp">
      <Filter>source</Filter>
    </ClCompile>
    <ClCompile Include="ResourceServer.cpp">
      <Filter>source</Filter>
    </ClCompile>
    <ClCompile Include="Scenario.cpp">
      <Filter>source</Filter>
    </ClCompile>
    <ClCompile Include="RedGreenBlue.cpp">
      <Filter>source</Filter>
    </ClCompile>
    <ClCompile Include="Player.cpp">
      <Filter>source</Filter>
    </ClCompile>
    <ClCompile Include="Pause_UI.cpp">
      <Filter>source</Filter>
    </ClCompile>
    <ClCompile Include="Pause.cpp">
      <Filter>source</Filter>
    </ClCompile>
    <ClCompile Include="ParticleValue.cpp">
      <Filter>source</Filter>
    </ClCompile>
    <ClCompile Include="Particle_Image.cpp">
      <Filter>source</Filter>
    </ClCompile>
    <ClCompile Include="ObjectValue.cpp">
      <Filter>source</Filter>
    </ClCompile>
    <ClCompile Include="ObjectServer.cpp">
      <Filter>source</Filter>
    </ClCompile>
    <ClCompile Include="ObjectBase.cpp">
      <Filter>source</Filter>
    </ClCompile>
    <ClCompile Include="MoveImage.cpp">
      <Filter>source</Filter>
    </ClCompile>
    <ClCompile Include="ForeGround.cpp">
      <Filter>source</Filter>
    </ClCompile>
    <ClCompile Include="GimmickBase.cpp">
      <Filter>source</Filter>
    </ClCompile>
    <ClCompile Include="Game.cpp">
      <Filter>source</Filter>
    </ClCompile>
    <ClCompile Include="Image.cpp">
      <Filter>source</Filter>
    </ClCompile>
    <ClCompile Include="GimmickServer.cpp">
      <Filter>source</Filter>
    </ClCompile>
    <ClCompile Include="ImageServer.cpp">
      <Filter>source</Filter>
    </ClCompile>
    <ClCompile Include="ImageValue.cpp">
      <Filter>source</Filter>
    </ClCompile>
    <ClCompile Include="Item.cpp">
      <Filter>source</Filter>
    </ClCompile>
    <ClCompile Include="ItemServer.cpp">
      <Filter>source</Filter>
    </ClCompile>
    <ClCompile Include="Lever.cpp">
      <Filter>source</Filter>
    </ClCompile>
    <ClCompile Include="Logo.cpp">
      <Filter>source</Filter>
    </ClCompile>
    <ClCompile Include="Loads.cpp">
      <Filter>source</Filter>
    </ClCompile>
    <ClCompile Include="LoopEffect.cpp">
      <Filter>source</Filter>
    </ClCompile>
    <ClCompile Include="MapData.cpp">
      <Filter>source</Filter>
    </ClCompile>
    <ClCompile Include="MapChips.cpp">
      <Filter>source</Filter>
    </ClCompile>
    <ClCompile Include="ModeBase.cpp">
      <Filter>source</Filter>
    </ClCompile>
    <ClCompile Include="MapDataManager.cpp">
      <Filter>source</Filter>
    </ClCompile>
    <ClCompile Include="ModeEnd.cpp">
      <Filter>source</Filter>
    </ClCompile>
    <ClCompile Include="ModeMain.cpp">
      <Filter>source</Filter>
    </ClCompile>
    <ClCompile Include="ModeServer.cpp">
      <Filter>source</Filter>
    </ClCompile>
    <ClCompile Include="ModeTitle.cpp">
      <Filter>source</Filter>
    </ClCompile>
    <ClCompile Include="AABB.cpp">
      <Filter>source</Filter>
    </ClCompile>
    <ClCompile Include="BackGround.cpp">
      <Filter>source</Filter>
    </ClCompile>
    <ClCompile Include="BigDoll.cpp">
      <Filter>source</Filter>
    </ClCompile>
    <ClCompile Include="ChipHitCheck.cpp">
      <Filter>source</Filter>
    </ClCompile>
    <ClCompile Include="Block.cpp">
      <Filter>source</Filter>
    </ClCompile>
    <ClCompile Include="ChipNumber.cpp">
      <Filter>source</Filter>
    </ClCompile>
    <ClCompile Include="Collision.cpp">
      <Filter>source</Filter>
    </ClCompile>
    <ClCompile Include="CrowDoll.cpp">
      <Filter>source</Filter>
    </ClCompile>
    <ClCompile Include="Crystal.cpp">
      <Filter>source</Filter>
    </ClCompile>
    <ClCompile Include="Door.cpp">
      <Filter>source</Filter>
    </ClCompile>
    <ClCompile Include="EffectBase.cpp">
      <Filter>source</Filter>
    </ClCompile>
    <ClCompile Include="EffectServer.cpp">
      <Filter>source</Filter>
    </ClCompile>
    <ClCompile Include="EnemyBase.cpp">
      <Filter>source</Filter>
    </ClCompile>
    <ClCompile Include="FadeBlack.cpp">
      <Filter>source</Filter>
    </ClCompile>
    <ClCompile Include="FileData.cpp">
      <Filter>source</Filter>
    </ClCompile>
  </ItemGroup>
  <ItemGroup>
    <ClInclude Include="Collision.h">
      <Filter>source</Filter>
    </ClInclude>
    <ClInclude Include="EnemyBase.h">
      <Filter>source</Filter>
    </ClInclude>
    <ClInclude Include="Game.h">
      <Filter>source</Filter>
    </ClInclude>
    <ClInclude Include="MapChips.h">
      <Filter>source</Filter>
    </ClInclude>
    <ClInclude Include="MapData.h">
      <Filter>source</Filter>
    </ClInclude>
    <ClInclude Include="ModeBase.h">
      <Filter>source</Filter>
    </ClInclude>
    <ClInclude Include="ModeMain.h">
      <Filter>source</Filter>
    </ClInclude>
    <ClInclude Include="ModeServer.h">
      <Filter>source</Filter>
    </ClInclude>
    <ClInclude Include="ModeTitle.h">
      <Filter>source</Filter>
    </ClInclude>
    <ClInclude Include="ObjectBase.h">
      <Filter>source</Filter>
    </ClInclude>
    <ClInclude Include="ObjectServer.h">
      <Filter>source</Filter>
    </ClInclude>
    <ClInclude Include="Player.h">
      <Filter>source</Filter>
    </ClInclude>
    <ClInclude Include="ResourceServer.h">
      <Filter>source</Filter>
    </ClInclude>
    <ClInclude Include="SoldierDoll.h">
      <Filter>source</Filter>
    </ClInclude>
    <ClInclude Include="SoulSkin.h">
      <Filter>source</Filter>
    </ClInclude>
    <ClInclude Include="SoundServer.h">
      <Filter>source</Filter>
    </ClInclude>
    <ClInclude Include="Vector2.h">
      <Filter>source</Filter>
    </ClInclude>
    <ClInclude Include="BackGround.h">
      <Filter>source</Filter>
    </ClInclude>
    <ClInclude Include="GimmickBase.h">
      <Filter>source</Filter>
    </ClInclude>
    <ClInclude Include="Image.h">
      <Filter>source</Filter>
    </ClInclude>
    <ClInclude Include="TitleLogo.h">
      <Filter>source</Filter>
    </ClInclude>
    <ClInclude Include="ChipHitCheck.h">
      <Filter>source</Filter>
    </ClInclude>
    <ClInclude Include="SoulManager.h">
      <Filter>source</Filter>
    </ClInclude>
    <ClInclude Include="Scenario.h">
      <Filter>source</Filter>
    </ClInclude>
    <ClInclude Include="EffectBase.h">
      <Filter>source</Filter>
    </ClInclude>
    <ClInclude Include="Logo.h">
      <Filter>source</Filter>
    </ClInclude>
    <ClInclude Include="ModeEnd.h">
      <Filter>source</Filter>
    </ClInclude>
    <ClInclude Include="RedGreenBlue.h">
      <Filter>source</Filter>
    </ClInclude>
    <ClInclude Include="SoulCursor.h">
      <Filter>source</Filter>
    </ClInclude>
    <ClInclude Include="Loads.h">
      <Filter>source</Filter>
    </ClInclude>
    <ClInclude Include="FadeBlack.h">
      <Filter>source</Filter>
    </ClInclude>
    <ClInclude Include="BigDoll.h">
      <Filter>source</Filter>
    </ClInclude>
    <ClInclude Include="FileData.h">
      <Filter>source</Filter>
    </ClInclude>
    <ClInclude Include="UI.h">
      <Filter>source</Filter>
    </ClInclude>
    <ClInclude Include="Lever.h">
      <Filter>source</Filter>
    </ClInclude>
    <ClInclude Include="Door.h">
      <Filter>source</Filter>
    </ClInclude>
    <ClInclude Include="ObjectValue.h">
      <Filter>source</Filter>
    </ClInclude>
    <ClInclude Include="StageTransition.h">
      <Filter>source</Filter>
    </ClInclude>
    <ClInclude Include="Pause.h">
      <Filter>source</Filter>
    </ClInclude>
    <ClInclude Include="Particle_Image.h">
      <Filter>source</Filter>
    </ClInclude>
    <ClInclude Include="Pause_UI.h">
      <Filter>source</Filter>
    </ClInclude>
    <ClInclude Include="Block.h">
      <Filter>source</Filter>
    </ClInclude>
    <ClInclude Include="Crystal.h">
      <Filter>source</Filter>
    </ClInclude>
    <ClInclude Include="CrowDoll.h">
      <Filter>source</Filter>
    </ClInclude>
    <ClInclude Include="EffectServer.h">
      <Filter>source</Filter>
    </ClInclude>
    <ClInclude Include="Item.h">
      <Filter>source</Filter>
    </ClInclude>
    <ClInclude Include="TrackingEffect.h">
      <Filter>source</Filter>
    </ClInclude>
    <ClInclude Include="GimmickServer.h">
      <Filter>source</Filter>
    </ClInclude>
    <ClInclude Include="StageUi.h">
      <Filter>source</Filter>
    </ClInclude>
    <ClInclude Include="ItemServer.h">
      <Filter>source</Filter>
    </ClInclude>
    <ClInclude Include="ImageServer.h">
      <Filter>source</Filter>
    </ClInclude>
    <ClInclude Include="ImageValue.h">
      <Filter>source</Filter>
    </ClInclude>
    <ClInclude Include="ForeGround.h">
      <Filter>source</Filter>
    </ClInclude>
    <ClInclude Include="MoveImage.h">
      <Filter>source</Filter>
    </ClInclude>
    <ClInclude Include="TutorialImage.h">
      <Filter>source</Filter>
    </ClInclude>
    <ClInclude Include="TutorialServer.h">
      <Filter>source</Filter>
    </ClInclude>
    <ClInclude Include="LoopEffect.h">
      <Filter>source</Filter>
    </ClInclude>
    <ClInclude Include="ChipNumber.h">
      <Filter>source</Filter>
    </ClInclude>
    <ClInclude Include="AABB.h">
      <Filter>source</Filter>
    </ClInclude>
    <ClInclude Include="ParticleValue.h">
      <Filter>source</Filter>
    </ClInclude>
    <ClInclude Include="TutorialValue.h">
      <Filter>source</Filter>
    </ClInclude>
    <ClInclude Include="MapDataManager.h">
      <Filter>source</Filter>
    </ClInclude>
  </ItemGroup>
</Project>